
Microsoft Visual Studio Solution File, Format Version 12.00
# Visual Studio Version 16
VisualStudioVersion = 16.0.29728.190
MinimumVisualStudioVersion = 10.0.40219.1
Project("{FAE04EC0-301F-11D3-BF4B-00C04F79EFBC}") = "scratch_link", "scratch_link.csproj", "{551CEE90-FF77-4A3F-815D-04C5BFFAA4D2}"
EndProject
Global
	GlobalSection(SolutionConfigurationPlatforms) = preSolution
		Debug|Any CPU = Debug|Any CPU
		Release|Any CPU = Release|Any CPU
	EndGlobalSection
	GlobalSection(ProjectConfigurationPlatforms) = postSolution
		{551CEE90-FF77-4A3F-815D-04C5BFFAA4D2}.Debug|Any CPU.ActiveCfg = Debug|Any CPU
		{551CEE90-FF77-4A3F-815D-04C5BFFAA4D2}.Debug|Any CPU.Build.0 = Debug|Any CPU
		{551CEE90-FF77-4A3F-815D-04C5BFFAA4D2}.Release|Any CPU.ActiveCfg = Release|Any CPU
		{551CEE90-FF77-4A3F-815D-04C5BFFAA4D2}.Release|Any CPU.Build.0 = Release|Any CPU
	EndGlobalSection
	GlobalSection(SolutionProperties) = preSolution
		HideSolutionNode = FALSE
	EndGlobalSection
	GlobalSection(ExtensibilityGlobals) = postSolution
		SolutionGuid = {74F36DF8-19F4-4BD4-B785-2B5348D7115A}
	EndGlobalSection
EndGlobal
